// !$*UTF8*$!
{
	archiveVersion = 1;
	classes = {
	};
	objectVersion = 55;
	objects = {

/* Begin PBXBuildFile section */
		16F54D618D8E2B1605F1B53D /* Pods_MyInstagram.framework in Frameworks */ = {isa = PBXBuildFile; fileRef = D498AC19F80D51F7C3679D13 /* Pods_MyInstagram.framework */; };
		FF1E1CDD27C7E806003AAACE /* AppDelegate.swift in Sources */ = {isa = PBXBuildFile; fileRef = FF1E1CDC27C7E806003AAACE /* AppDelegate.swift */; };
		FF1E1CDF27C7E806003AAACE /* SceneDelegate.swift in Sources */ = {isa = PBXBuildFile; fileRef = FF1E1CDE27C7E806003AAACE /* SceneDelegate.swift */; };
		FF1E1CE127C7E806003AAACE /* ViewController.swift in Sources */ = {isa = PBXBuildFile; fileRef = FF1E1CE027C7E806003AAACE /* ViewController.swift */; };
		FF1E1CE427C7E806003AAACE /* Main.storyboard in Resources */ = {isa = PBXBuildFile; fileRef = FF1E1CE227C7E806003AAACE /* Main.storyboard */; };
		FF1E1CE927C7E807003AAACE /* LaunchScreen.storyboard in Resources */ = {isa = PBXBuildFile; fileRef = FF1E1CE727C7E807003AAACE /* LaunchScreen.storyboard */; };
		FF1E1CFA27C7ECED003AAACE /* MainTabController.swift in Sources */ = {isa = PBXBuildFile; fileRef = FF1E1CF927C7ECED003AAACE /* MainTabController.swift */; };
		FF1E1CFD27C7F1EF003AAACE /* FeedController.swift in Sources */ = {isa = PBXBuildFile; fileRef = FF1E1CFC27C7F1EF003AAACE /* FeedController.swift */; };
		FF1E1CFF27C7F1FF003AAACE /* SearchController.swift in Sources */ = {isa = PBXBuildFile; fileRef = FF1E1CFE27C7F1FF003AAACE /* SearchController.swift */; };
		FF1E1D0127C7F22B003AAACE /* ImageSelectorController.swift in Sources */ = {isa = PBXBuildFile; fileRef = FF1E1D0027C7F22B003AAACE /* ImageSelectorController.swift */; };
		FF1E1D0327C7F245003AAACE /* NotificationController.swift in Sources */ = {isa = PBXBuildFile; fileRef = FF1E1D0227C7F245003AAACE /* NotificationController.swift */; };
		FF1E1D0527C7F266003AAACE /* ProfileController.swift in Sources */ = {isa = PBXBuildFile; fileRef = FF1E1D0427C7F266003AAACE /* ProfileController.swift */; };
		FF1E1D0B27C7FA63003AAACE /* Assets.xcassets in Resources */ = {isa = PBXBuildFile; fileRef = FF1E1D0A27C7FA63003AAACE /* Assets.xcassets */; };
		FF1E1D0D27C83D40003AAACE /* FeedCell.swift in Sources */ = {isa = PBXBuildFile; fileRef = FF1E1D0C27C83D40003AAACE /* FeedCell.swift */; };
		FF1E1D0F27C83F8A003AAACE /* Extensions.swift in Sources */ = {isa = PBXBuildFile; fileRef = FF1E1D0E27C83F8A003AAACE /* Extensions.swift */; };
		FF1E1D1227C998F7003AAACE /* LoginController.swift in Sources */ = {isa = PBXBuildFile; fileRef = FF1E1D1127C998F7003AAACE /* LoginController.swift */; };
		FF1E1D1427C9990D003AAACE /* RegistrationController.swift in Sources */ = {isa = PBXBuildFile; fileRef = FF1E1D1327C9990D003AAACE /* RegistrationController.swift */; };
		FF1E1D1627C9AFE0003AAACE /* CustomTextField.swift in Sources */ = {isa = PBXBuildFile; fileRef = FF1E1D1527C9AFE0003AAACE /* CustomTextField.swift */; };
		FF1E1D1827C9BDDD003AAACE /* AuthenticationViewModel.swift in Sources */ = {isa = PBXBuildFile; fileRef = FF1E1D1727C9BDDD003AAACE /* AuthenticationViewModel.swift */; };
		FF1E1D1D27CA8226003AAACE /* FirebaseAnalytics in Frameworks */ = {isa = PBXBuildFile; productRef = FF1E1D1C27CA8226003AAACE /* FirebaseAnalytics */; };
		FF1E1D1F27CA8226003AAACE /* FirebaseAnalyticsSwift-Beta in Frameworks */ = {isa = PBXBuildFile; productRef = FF1E1D1E27CA8226003AAACE /* FirebaseAnalyticsSwift-Beta */; };
		FF1E1D2127CA8226003AAACE /* FirebaseAnalyticsWithoutAdIdSupport in Frameworks */ = {isa = PBXBuildFile; productRef = FF1E1D2027CA8226003AAACE /* FirebaseAnalyticsWithoutAdIdSupport */; };
		FF1E1D2327CA8226003AAACE /* FirebaseAppCheck in Frameworks */ = {isa = PBXBuildFile; productRef = FF1E1D2227CA8226003AAACE /* FirebaseAppCheck */; };
		FF1E1D2527CA8226003AAACE /* FirebaseAppDistribution-Beta in Frameworks */ = {isa = PBXBuildFile; productRef = FF1E1D2427CA8226003AAACE /* FirebaseAppDistribution-Beta */; };
		FF1E1D2727CA8226003AAACE /* FirebaseAuth in Frameworks */ = {isa = PBXBuildFile; productRef = FF1E1D2627CA8226003AAACE /* FirebaseAuth */; };
		FF1E1D2927CA8226003AAACE /* FirebaseAuthCombine-Community in Frameworks */ = {isa = PBXBuildFile; productRef = FF1E1D2827CA8226003AAACE /* FirebaseAuthCombine-Community */; };
		FF1E1D2B27CA8226003AAACE /* FirebaseCrashlytics in Frameworks */ = {isa = PBXBuildFile; productRef = FF1E1D2A27CA8226003AAACE /* FirebaseCrashlytics */; };
		FF1E1D2D27CA8226003AAACE /* FirebaseDatabase in Frameworks */ = {isa = PBXBuildFile; productRef = FF1E1D2C27CA8226003AAACE /* FirebaseDatabase */; };
		FF1E1D2F27CA8226003AAACE /* FirebaseDatabaseSwift-Beta in Frameworks */ = {isa = PBXBuildFile; productRef = FF1E1D2E27CA8226003AAACE /* FirebaseDatabaseSwift-Beta */; };
		FF1E1D3127CA8226003AAACE /* FirebaseDynamicLinks in Frameworks */ = {isa = PBXBuildFile; productRef = FF1E1D3027CA8226003AAACE /* FirebaseDynamicLinks */; };
		FF1E1D3327CA8226003AAACE /* FirebaseFirestore in Frameworks */ = {isa = PBXBuildFile; productRef = FF1E1D3227CA8226003AAACE /* FirebaseFirestore */; };
		FF1E1D3527CA8226003AAACE /* FirebaseFirestoreCombine-Community in Frameworks */ = {isa = PBXBuildFile; productRef = FF1E1D3427CA8226003AAACE /* FirebaseFirestoreCombine-Community */; };
		FF1E1D3727CA8226003AAACE /* FirebaseFirestoreSwift-Beta in Frameworks */ = {isa = PBXBuildFile; productRef = FF1E1D3627CA8226003AAACE /* FirebaseFirestoreSwift-Beta */; };
		FF1E1D3927CA8226003AAACE /* FirebaseFunctions in Frameworks */ = {isa = PBXBuildFile; productRef = FF1E1D3827CA8226003AAACE /* FirebaseFunctions */; };
		FF1E1D3B27CA8226003AAACE /* FirebaseFunctionsCombine-Community in Frameworks */ = {isa = PBXBuildFile; productRef = FF1E1D3A27CA8226003AAACE /* FirebaseFunctionsCombine-Community */; };
		FF1E1D3D27CA8226003AAACE /* FirebaseFunctionsSwift-Beta in Frameworks */ = {isa = PBXBuildFile; productRef = FF1E1D3C27CA8226003AAACE /* FirebaseFunctionsSwift-Beta */; };
		FF1E1D3F27CA8226003AAACE /* FirebaseInAppMessaging-Beta in Frameworks */ = {isa = PBXBuildFile; productRef = FF1E1D3E27CA8226003AAACE /* FirebaseInAppMessaging-Beta */; };
		FF1E1D4127CA8226003AAACE /* FirebaseInAppMessagingSwift-Beta in Frameworks */ = {isa = PBXBuildFile; productRef = FF1E1D4027CA8226003AAACE /* FirebaseInAppMessagingSwift-Beta */; };
		FF1E1D4327CA8226003AAACE /* FirebaseInstallations in Frameworks */ = {isa = PBXBuildFile; productRef = FF1E1D4227CA8226003AAACE /* FirebaseInstallations */; };
		FF1E1D4527CA8226003AAACE /* FirebaseMLModelDownloader in Frameworks */ = {isa = PBXBuildFile; productRef = FF1E1D4427CA8226003AAACE /* FirebaseMLModelDownloader */; };
		FF1E1D4727CA8226003AAACE /* FirebaseMessaging in Frameworks */ = {isa = PBXBuildFile; productRef = FF1E1D4627CA8226003AAACE /* FirebaseMessaging */; };
		FF1E1D4927CA8226003AAACE /* FirebasePerformance in Frameworks */ = {isa = PBXBuildFile; productRef = FF1E1D4827CA8226003AAACE /* FirebasePerformance */; };
		FF1E1D4B27CA8226003AAACE /* FirebaseRemoteConfig in Frameworks */ = {isa = PBXBuildFile; productRef = FF1E1D4A27CA8226003AAACE /* FirebaseRemoteConfig */; };
		FF1E1D4D27CA8226003AAACE /* FirebaseRemoteConfigSwift-Beta in Frameworks */ = {isa = PBXBuildFile; productRef = FF1E1D4C27CA8226003AAACE /* FirebaseRemoteConfigSwift-Beta */; };
		FF1E1D4F27CA8226003AAACE /* FirebaseStorage in Frameworks */ = {isa = PBXBuildFile; productRef = FF1E1D4E27CA8226003AAACE /* FirebaseStorage */; };
		FF1E1D5127CA8226003AAACE /* FirebaseStorageCombine-Community in Frameworks */ = {isa = PBXBuildFile; productRef = FF1E1D5027CA8226003AAACE /* FirebaseStorageCombine-Community */; };
		FF1E1D5327CA8226003AAACE /* FirebaseStorageSwift-Beta in Frameworks */ = {isa = PBXBuildFile; productRef = FF1E1D5227CA8226003AAACE /* FirebaseStorageSwift-Beta */; };
		FF1E1D5527CA85FF003AAACE /* GoogleService-Info.plist in Resources */ = {isa = PBXBuildFile; fileRef = FF1E1D5427CA85FF003AAACE /* GoogleService-Info.plist */; };
		FF1E1D5727CA87B9003AAACE /* ImageUploader.swift in Sources */ = {isa = PBXBuildFile; fileRef = FF1E1D5627CA87B9003AAACE /* ImageUploader.swift */; };
		FF1E1D5927CA87C8003AAACE /* AuthService.swift in Sources */ = {isa = PBXBuildFile; fileRef = FF1E1D5827CA87C8003AAACE /* AuthService.swift */; };
		FF1E1D5B27CAAEB5003AAACE /* ProfileCell.swift in Sources */ = {isa = PBXBuildFile; fileRef = FF1E1D5A27CAAEB5003AAACE /* ProfileCell.swift */; };
		FF1E1D5D27CAAEC3003AAACE /* ProfileHeader.swift in Sources */ = {isa = PBXBuildFile; fileRef = FF1E1D5C27CAAEC3003AAACE /* ProfileHeader.swift */; };
		FF1E1D6027CAD544003AAACE /* UserService.swift in Sources */ = {isa = PBXBuildFile; fileRef = FF1E1D5F27CAD544003AAACE /* UserService.swift */; };
		FF1E1D6227CAD57A003AAACE /* Constants.swift in Sources */ = {isa = PBXBuildFile; fileRef = FF1E1D6127CAD57A003AAACE /* Constants.swift */; };
		FF1E1D6427CAD77A003AAACE /* User.swift in Sources */ = {isa = PBXBuildFile; fileRef = FF1E1D6327CAD77A003AAACE /* User.swift */; };
		FF1E1D6627CADF91003AAACE /* ProfileHeaderViewModel.swift in Sources */ = {isa = PBXBuildFile; fileRef = FF1E1D6527CADF91003AAACE /* ProfileHeaderViewModel.swift */; };
		FF1E1D6827CBEE47003AAACE /* UserCell.swift in Sources */ = {isa = PBXBuildFile; fileRef = FF1E1D6727CBEE47003AAACE /* UserCell.swift */; };
		FF1E1D6A27CC10E7003AAACE /* UserCellViewModel.swift in Sources */ = {isa = PBXBuildFile; fileRef = FF1E1D6927CC10E7003AAACE /* UserCellViewModel.swift */; };
/* End PBXBuildFile section */

/* Begin PBXFileReference section */
		23D6609C8613F40263B0B9EC /* Pods-MyInstagram.release.xcconfig */ = {isa = PBXFileReference; includeInIndex = 1; lastKnownFileType = text.xcconfig; name = "Pods-MyInstagram.release.xcconfig"; path = "Target Support Files/Pods-MyInstagram/Pods-MyInstagram.release.xcconfig"; sourceTree = "<group>"; };
		B3D00F2D5EBB416A18E3A9E6 /* Pods-MyInstagram.debug.xcconfig */ = {isa = PBXFileReference; includeInIndex = 1; lastKnownFileType = text.xcconfig; name = "Pods-MyInstagram.debug.xcconfig"; path = "Target Support Files/Pods-MyInstagram/Pods-MyInstagram.debug.xcconfig"; sourceTree = "<group>"; };
		D498AC19F80D51F7C3679D13 /* Pods_MyInstagram.framework */ = {isa = PBXFileReference; explicitFileType = wrapper.framework; includeInIndex = 0; path = Pods_MyInstagram.framework; sourceTree = BUILT_PRODUCTS_DIR; };
		FF1E1CD927C7E806003AAACE /* MyInstagram.app */ = {isa = PBXFileReference; explicitFileType = wrapper.application; includeInIndex = 0; path = MyInstagram.app; sourceTree = BUILT_PRODUCTS_DIR; };
		FF1E1CDC27C7E806003AAACE /* AppDelegate.swift */ = {isa = PBXFileReference; lastKnownFileType = sourcecode.swift; path = AppDelegate.swift; sourceTree = "<group>"; };
		FF1E1CDE27C7E806003AAACE /* SceneDelegate.swift */ = {isa = PBXFileReference; lastKnownFileType = sourcecode.swift; path = SceneDelegate.swift; sourceTree = "<group>"; };
		FF1E1CE027C7E806003AAACE /* ViewController.swift */ = {isa = PBXFileReference; lastKnownFileType = sourcecode.swift; path = ViewController.swift; sourceTree = "<group>"; };
		FF1E1CE327C7E806003AAACE /* Base */ = {isa = PBXFileReference; lastKnownFileType = file.storyboard; name = Base; path = Base.lproj/Main.storyboard; sourceTree = "<group>"; };
		FF1E1CE827C7E807003AAACE /* Base */ = {isa = PBXFileReference; lastKnownFileType = file.storyboard; name = Base; path = Base.lproj/LaunchScreen.storyboard; sourceTree = "<group>"; };
		FF1E1CEA27C7E807003AAACE /* Info.plist */ = {isa = PBXFileReference; lastKnownFileType = text.plist.xml; path = Info.plist; sourceTree = "<group>"; };
		FF1E1CF927C7ECED003AAACE /* MainTabController.swift */ = {isa = PBXFileReference; lastKnownFileType = sourcecode.swift; path = MainTabController.swift; sourceTree = "<group>"; };
		FF1E1CFC27C7F1EF003AAACE /* FeedController.swift */ = {isa = PBXFileReference; lastKnownFileType = sourcecode.swift; path = FeedController.swift; sourceTree = "<group>"; };
		FF1E1CFE27C7F1FF003AAACE /* SearchController.swift */ = {isa = PBXFileReference; lastKnownFileType = sourcecode.swift; path = SearchController.swift; sourceTree = "<group>"; };
		FF1E1D0027C7F22B003AAACE /* ImageSelectorController.swift */ = {isa = PBXFileReference; lastKnownFileType = sourcecode.swift; path = ImageSelectorController.swift; sourceTree = "<group>"; };
		FF1E1D0227C7F245003AAACE /* NotificationController.swift */ = {isa = PBXFileReference; lastKnownFileType = sourcecode.swift; path = NotificationController.swift; sourceTree = "<group>"; };
		FF1E1D0427C7F266003AAACE /* ProfileController.swift */ = {isa = PBXFileReference; lastKnownFileType = sourcecode.swift; path = ProfileController.swift; sourceTree = "<group>"; };
		FF1E1D0A27C7FA63003AAACE /* Assets.xcassets */ = {isa = PBXFileReference; lastKnownFileType = folder.assetcatalog; name = Assets.xcassets; path = ../../../Downloads/Assets.xcassets; sourceTree = "<group>"; };
		FF1E1D0C27C83D40003AAACE /* FeedCell.swift */ = {isa = PBXFileReference; lastKnownFileType = sourcecode.swift; path = FeedCell.swift; sourceTree = "<group>"; };
		FF1E1D0E27C83F8A003AAACE /* Extensions.swift */ = {isa = PBXFileReference; lastKnownFileType = sourcecode.swift; path = Extensions.swift; sourceTree = "<group>"; };
		FF1E1D1127C998F7003AAACE /* LoginController.swift */ = {isa = PBXFileReference; lastKnownFileType = sourcecode.swift; path = LoginController.swift; sourceTree = "<group>"; };
		FF1E1D1327C9990D003AAACE /* RegistrationController.swift */ = {isa = PBXFileReference; lastKnownFileType = sourcecode.swift; path = RegistrationController.swift; sourceTree = "<group>"; };
		FF1E1D1527C9AFE0003AAACE /* CustomTextField.swift */ = {isa = PBXFileReference; lastKnownFileType = sourcecode.swift; path = CustomTextField.swift; sourceTree = "<group>"; };
		FF1E1D1727C9BDDD003AAACE /* AuthenticationViewModel.swift */ = {isa = PBXFileReference; lastKnownFileType = sourcecode.swift; path = AuthenticationViewModel.swift; sourceTree = "<group>"; };
		FF1E1D5427CA85FF003AAACE /* GoogleService-Info.plist */ = {isa = PBXFileReference; lastKnownFileType = text.plist.xml; path = "GoogleService-Info.plist"; sourceTree = SOURCE_ROOT; };
		FF1E1D5627CA87B9003AAACE /* ImageUploader.swift */ = {isa = PBXFileReference; lastKnownFileType = sourcecode.swift; path = ImageUploader.swift; sourceTree = "<group>"; };
		FF1E1D5827CA87C8003AAACE /* AuthService.swift */ = {isa = PBXFileReference; lastKnownFileType = sourcecode.swift; path = AuthService.swift; sourceTree = "<group>"; };
		FF1E1D5A27CAAEB5003AAACE /* ProfileCell.swift */ = {isa = PBXFileReference; lastKnownFileType = sourcecode.swift; path = ProfileCell.swift; sourceTree = "<group>"; };
		FF1E1D5C27CAAEC3003AAACE /* ProfileHeader.swift */ = {isa = PBXFileReference; lastKnownFileType = sourcecode.swift; path = ProfileHeader.swift; sourceTree = "<group>"; };
		FF1E1D5F27CAD544003AAACE /* UserService.swift */ = {isa = PBXFileReference; lastKnownFileType = sourcecode.swift; path = UserService.swift; sourceTree = "<group>"; };
		FF1E1D6127CAD57A003AAACE /* Constants.swift */ = {isa = PBXFileReference; lastKnownFileType = sourcecode.swift; path = Constants.swift; sourceTree = "<group>"; };
		FF1E1D6327CAD77A003AAACE /* User.swift */ = {isa = PBXFileReference; lastKnownFileType = sourcecode.swift; path = User.swift; sourceTree = "<group>"; };
		FF1E1D6527CADF91003AAACE /* ProfileHeaderViewModel.swift */ = {isa = PBXFileReference; lastKnownFileType = sourcecode.swift; path = ProfileHeaderViewModel.swift; sourceTree = "<group>"; };
		FF1E1D6727CBEE47003AAACE /* UserCell.swift */ = {isa = PBXFileReference; lastKnownFileType = sourcecode.swift; path = UserCell.swift; sourceTree = "<group>"; };
		FF1E1D6927CC10E7003AAACE /* UserCellViewModel.swift */ = {isa = PBXFileReference; lastKnownFileType = sourcecode.swift; path = UserCellViewModel.swift; sourceTree = "<group>"; };
/* End PBXFileReference section */

/* Begin PBXFrameworksBuildPhase section */
		FF1E1CD627C7E806003AAACE /* Frameworks */ = {
			isa = PBXFrameworksBuildPhase;
			buildActionMask = 2147483647;
			files = (
				FF1E1D3527CA8226003AAACE /* FirebaseFirestoreCombine-Community in Frameworks */,
				FF1E1D2F27CA8226003AAACE /* FirebaseDatabaseSwift-Beta in Frameworks */,
				FF1E1D3127CA8226003AAACE /* FirebaseDynamicLinks in Frameworks */,
				FF1E1D2327CA8226003AAACE /* FirebaseAppCheck in Frameworks */,
				FF1E1D2727CA8226003AAACE /* FirebaseAuth in Frameworks */,
				FF1E1D5327CA8226003AAACE /* FirebaseStorageSwift-Beta in Frameworks */,
				FF1E1D1F27CA8226003AAACE /* FirebaseAnalyticsSwift-Beta in Frameworks */,
				FF1E1D4D27CA8226003AAACE /* FirebaseRemoteConfigSwift-Beta in Frameworks */,
				FF1E1D4527CA8226003AAACE /* FirebaseMLModelDownloader in Frameworks */,
				FF1E1D3327CA8226003AAACE /* FirebaseFirestore in Frameworks */,
				FF1E1D3B27CA8226003AAACE /* FirebaseFunctionsCombine-Community in Frameworks */,
				FF1E1D2527CA8226003AAACE /* FirebaseAppDistribution-Beta in Frameworks */,
				FF1E1D2127CA8226003AAACE /* FirebaseAnalyticsWithoutAdIdSupport in Frameworks */,
				FF1E1D3727CA8226003AAACE /* FirebaseFirestoreSwift-Beta in Frameworks */,
				FF1E1D3F27CA8226003AAACE /* FirebaseInAppMessaging-Beta in Frameworks */,
				FF1E1D2B27CA8226003AAACE /* FirebaseCrashlytics in Frameworks */,
				FF1E1D2D27CA8226003AAACE /* FirebaseDatabase in Frameworks */,
				FF1E1D5127CA8226003AAACE /* FirebaseStorageCombine-Community in Frameworks */,
				FF1E1D4B27CA8226003AAACE /* FirebaseRemoteConfig in Frameworks */,
				FF1E1D3D27CA8226003AAACE /* FirebaseFunctionsSwift-Beta in Frameworks */,
				FF1E1D3927CA8226003AAACE /* FirebaseFunctions in Frameworks */,
				FF1E1D4927CA8226003AAACE /* FirebasePerformance in Frameworks */,
				FF1E1D4127CA8226003AAACE /* FirebaseInAppMessagingSwift-Beta in Frameworks */,
				FF1E1D4F27CA8226003AAACE /* FirebaseStorage in Frameworks */,
				FF1E1D2927CA8226003AAACE /* FirebaseAuthCombine-Community in Frameworks */,
				FF1E1D1D27CA8226003AAACE /* FirebaseAnalytics in Frameworks */,
				FF1E1D4727CA8226003AAACE /* FirebaseMessaging in Frameworks */,
				FF1E1D4327CA8226003AAACE /* FirebaseInstallations in Frameworks */,
				16F54D618D8E2B1605F1B53D /* Pods_MyInstagram.framework in Frameworks */,
			);
			runOnlyForDeploymentPostprocessing = 0;
		};
/* End PBXFrameworksBuildPhase section */

/* Begin PBXGroup section */
		2710AF72E856DFB8A48A6780 /* Frameworks */ = {
			isa = PBXGroup;
			children = (
				D498AC19F80D51F7C3679D13 /* Pods_MyInstagram.framework */,
			);
			name = Frameworks;
			sourceTree = "<group>";
		};
		97B782603C50502A56D80301 /* Pods */ = {
			isa = PBXGroup;
			children = (
				B3D00F2D5EBB416A18E3A9E6 /* Pods-MyInstagram.debug.xcconfig */,
				23D6609C8613F40263B0B9EC /* Pods-MyInstagram.release.xcconfig */,
			);
			path = Pods;
			sourceTree = "<group>";
		};
		FF1E1CD027C7E805003AAACE = {
			isa = PBXGroup;
			children = (
				FF1E1CDB27C7E806003AAACE /* MyInstagram */,
				FF1E1CDA27C7E806003AAACE /* Products */,
				97B782603C50502A56D80301 /* Pods */,
				2710AF72E856DFB8A48A6780 /* Frameworks */,
			);
			sourceTree = "<group>";
		};
		FF1E1CDA27C7E806003AAACE /* Products */ = {
			isa = PBXGroup;
			children = (
				FF1E1CD927C7E806003AAACE /* MyInstagram.app */,
			);
			name = Products;
			sourceTree = "<group>";
		};
		FF1E1CDB27C7E806003AAACE /* MyInstagram */ = {
			isa = PBXGroup;
			children = (
				FF1E1CF827C7EAD4003AAACE /* Model */,
				FF1E1CF727C7EAD2003AAACE /* View */,
				FF1E1CF627C7EAC5003AAACE /* ViewModel */,
				FF1E1CF527C7EAC2003AAACE /* Controller */,
				FF1E1CF127C7EAA8003AAACE /* API */,
				FF1E1CF027C7EAA0003AAACE /* Utils */,
				FF1E1CDC27C7E806003AAACE /* AppDelegate.swift */,
				FF1E1CDE27C7E806003AAACE /* SceneDelegate.swift */,
				FF1E1CE027C7E806003AAACE /* ViewController.swift */,
				FF1E1CE227C7E806003AAACE /* Main.storyboard */,
				FF1E1CE727C7E807003AAACE /* LaunchScreen.storyboard */,
				FF1E1D0A27C7FA63003AAACE /* Assets.xcassets */,
				FF1E1CEA27C7E807003AAACE /* Info.plist */,
				FF1E1D5427CA85FF003AAACE /* GoogleService-Info.plist */,
			);
			path = MyInstagram;
			sourceTree = "<group>";
		};
		FF1E1CF027C7EAA0003AAACE /* Utils */ = {
			isa = PBXGroup;
			children = (
				FF1E1D0E27C83F8A003AAACE /* Extensions.swift */,
				FF1E1D6127CAD57A003AAACE /* Constants.swift */,
			);
			path = Utils;
			sourceTree = "<group>";
		};
		FF1E1CF127C7EAA8003AAACE /* API */ = {
			isa = PBXGroup;
			children = (
				FF1E1D5627CA87B9003AAACE /* ImageUploader.swift */,
				FF1E1D5827CA87C8003AAACE /* AuthService.swift */,
				FF1E1D5F27CAD544003AAACE /* UserService.swift */,
			);
			path = API;
			sourceTree = "<group>";
		};
		FF1E1CF527C7EAC2003AAACE /* Controller */ = {
			isa = PBXGroup;
			children = (
				FF1E1D1027C998DA003AAACE /* Authentication */,
				FF1E1CF927C7ECED003AAACE /* MainTabController.swift */,
				FF1E1CFC27C7F1EF003AAACE /* FeedController.swift */,
				FF1E1CFE27C7F1FF003AAACE /* SearchController.swift */,
				FF1E1D0027C7F22B003AAACE /* ImageSelectorController.swift */,
				FF1E1D0227C7F245003AAACE /* NotificationController.swift */,
				FF1E1D0427C7F266003AAACE /* ProfileController.swift */,
			);
			path = Controller;
			sourceTree = "<group>";
		};
		FF1E1CF627C7EAC5003AAACE /* ViewModel */ = {
			isa = PBXGroup;
			children = (
				FF1E1D1727C9BDDD003AAACE /* AuthenticationViewModel.swift */,
				FF1E1D6527CADF91003AAACE /* ProfileHeaderViewModel.swift */,
				FF1E1D6927CC10E7003AAACE /* UserCellViewModel.swift */,
			);
			path = ViewModel;
			sourceTree = "<group>";
		};
		FF1E1CF727C7EAD2003AAACE /* View */ = {
			isa = PBXGroup;
			children = (
				FF1E1D5E27CAAECF003AAACE /* Profile */,
				FF1E1D0C27C83D40003AAACE /* FeedCell.swift */,
				FF1E1D1527C9AFE0003AAACE /* CustomTextField.swift */,
				FF1E1D6727CBEE47003AAACE /* UserCell.swift */,
			);
			path = View;
			sourceTree = "<group>";
		};
		FF1E1CF827C7EAD4003AAACE /* Model */ = {
			isa = PBXGroup;
			children = (
				FF1E1D6327CAD77A003AAACE /* User.swift */,
			);
			path = Model;
			sourceTree = "<group>";
		};
		FF1E1D1027C998DA003AAACE /* Authentication */ = {
			isa = PBXGroup;
			children = (
				FF1E1D1127C998F7003AAACE /* LoginController.swift */,
				FF1E1D1327C9990D003AAACE /* RegistrationController.swift */,
			);
			path = Authentication;
			sourceTree = "<group>";
		};
		FF1E1D5E27CAAECF003AAACE /* Profile */ = {
			isa = PBXGroup;
			children = (
				FF1E1D5A27CAAEB5003AAACE /* ProfileCell.swift */,
				FF1E1D5C27CAAEC3003AAACE /* ProfileHeader.swift */,
			);
			path = Profile;
			sourceTree = "<group>";
		};
/* End PBXGroup section */

/* Begin PBXNativeTarget section */
		FF1E1CD827C7E806003AAACE /* MyInstagram */ = {
			isa = PBXNativeTarget;
			buildConfigurationList = FF1E1CED27C7E807003AAACE /* Build configuration list for PBXNativeTarget "MyInstagram" */;
			buildPhases = (
				8EE661DDE5B4358011E3B7D2 /* [CP] Check Pods Manifest.lock */,
				FF1E1CD527C7E806003AAACE /* Sources */,
				FF1E1CD627C7E806003AAACE /* Frameworks */,
				FF1E1CD727C7E806003AAACE /* Resources */,
				AD5C8A632130FCD952CFA9F6 /* [CP] Embed Pods Frameworks */,
			);
			buildRules = (
			);
			dependencies = (
			);
			name = MyInstagram;
			packageProductDependencies = (
				FF1E1D1C27CA8226003AAACE /* FirebaseAnalytics */,
				FF1E1D1E27CA8226003AAACE /* FirebaseAnalyticsSwift-Beta */,
				FF1E1D2027CA8226003AAACE /* FirebaseAnalyticsWithoutAdIdSupport */,
				FF1E1D2227CA8226003AAACE /* FirebaseAppCheck */,
				FF1E1D2427CA8226003AAACE /* FirebaseAppDistribution-Beta */,
				FF1E1D2627CA8226003AAACE /* FirebaseAuth */,
				FF1E1D2827CA8226003AAACE /* FirebaseAuthCombine-Community */,
				FF1E1D2A27CA8226003AAACE /* FirebaseCrashlytics */,
				FF1E1D2C27CA8226003AAACE /* FirebaseDatabase */,
				FF1E1D2E27CA8226003AAACE /* FirebaseDatabaseSwift-Beta */,
				FF1E1D3027CA8226003AAACE /* FirebaseDynamicLinks */,
				FF1E1D3227CA8226003AAACE /* FirebaseFirestore */,
				FF1E1D3427CA8226003AAACE /* FirebaseFirestoreCombine-Community */,
				FF1E1D3627CA8226003AAACE /* FirebaseFirestoreSwift-Beta */,
				FF1E1D3827CA8226003AAACE /* FirebaseFunctions */,
				FF1E1D3A27CA8226003AAACE /* FirebaseFunctionsCombine-Community */,
				FF1E1D3C27CA8226003AAACE /* FirebaseFunctionsSwift-Beta */,
				FF1E1D3E27CA8226003AAACE /* FirebaseInAppMessaging-Beta */,
				FF1E1D4027CA8226003AAACE /* FirebaseInAppMessagingSwift-Beta */,
				FF1E1D4227CA8226003AAACE /* FirebaseInstallations */,
				FF1E1D4427CA8226003AAACE /* FirebaseMLModelDownloader */,
				FF1E1D4627CA8226003AAACE /* FirebaseMessaging */,
				FF1E1D4827CA8226003AAACE /* FirebasePerformance */,
				FF1E1D4A27CA8226003AAACE /* FirebaseRemoteConfig */,
				FF1E1D4C27CA8226003AAACE /* FirebaseRemoteConfigSwift-Beta */,
				FF1E1D4E27CA8226003AAACE /* FirebaseStorage */,
				FF1E1D5027CA8226003AAACE /* FirebaseStorageCombine-Community */,
				FF1E1D5227CA8226003AAACE /* FirebaseStorageSwift-Beta */,
			);
			productName = MyInstagram;
			productReference = FF1E1CD927C7E806003AAACE /* MyInstagram.app */;
			productType = "com.apple.product-type.application";
		};
/* End PBXNativeTarget section */

/* Begin PBXProject section */
		FF1E1CD127C7E805003AAACE /* Project object */ = {
			isa = PBXProject;
			attributes = {
				BuildIndependentTargetsInParallel = 1;
				LastSwiftUpdateCheck = 1320;
				LastUpgradeCheck = 1320;
				TargetAttributes = {
					FF1E1CD827C7E806003AAACE = {
						CreatedOnToolsVersion = 13.2.1;
					};
				};
			};
			buildConfigurationList = FF1E1CD427C7E805003AAACE /* Build configuration list for PBXProject "MyInstagram" */;
			compatibilityVersion = "Xcode 13.0";
			developmentRegion = en;
			hasScannedForEncodings = 0;
			knownRegions = (
				en,
				Base,
			);
			mainGroup = FF1E1CD027C7E805003AAACE;
			packageReferences = (
				FF1E1D1B27CA8226003AAACE /* XCRemoteSwiftPackageReference "firebase-ios-sdk" */,
			);
			productRefGroup = FF1E1CDA27C7E806003AAACE /* Products */;
			projectDirPath = "";
			projectRoot = "";
			targets = (
				FF1E1CD827C7E806003AAACE /* MyInstagram */,
			);
		};
/* End PBXProject section */

/* Begin PBXResourcesBuildPhase section */
		FF1E1CD727C7E806003AAACE /* Resources */ = {
			isa = PBXResourcesBuildPhase;
			buildActionMask = 2147483647;
			files = (
				FF1E1CE927C7E807003AAACE /* LaunchScreen.storyboard in Resources */,
				FF1E1D0B27C7FA63003AAACE /* Assets.xcassets in Resources */,
				FF1E1D5527CA85FF003AAACE /* GoogleService-Info.plist in Resources */,
				FF1E1CE427C7E806003AAACE /* Main.storyboard in Resources */,
			);
			runOnlyForDeploymentPostprocessing = 0;
		};
/* End PBXResourcesBuildPhase section */

/* Begin PBXShellScriptBuildPhase section */
		8EE661DDE5B4358011E3B7D2 /* [CP] Check Pods Manifest.lock */ = {
			isa = PBXShellScriptBuildPhase;
			buildActionMask = 2147483647;
			files = (
			);
			inputFileListPaths = (
			);
			inputPaths = (
				"${PODS_PODFILE_DIR_PATH}/Podfile.lock",
				"${PODS_ROOT}/Manifest.lock",
			);
			name = "[CP] Check Pods Manifest.lock";
			outputFileListPaths = (
			);
			outputPaths = (
				"$(DERIVED_FILE_DIR)/Pods-MyInstagram-checkManifestLockResult.txt",
			);
			runOnlyForDeploymentPostprocessing = 0;
			shellPath = /bin/sh;
			shellScript = "diff \"${PODS_PODFILE_DIR_PATH}/Podfile.lock\" \"${PODS_ROOT}/Manifest.lock\" > /dev/null\nif [ $? != 0 ] ; then\n    # print error to STDERR\n    echo \"error: The sandbox is not in sync with the Podfile.lock. Run 'pod install' or update your CocoaPods installation.\" >&2\n    exit 1\nfi\n# This output is used by Xcode 'outputs' to avoid re-running this script phase.\necho \"SUCCESS\" > \"${SCRIPT_OUTPUT_FILE_0}\"\n";
			showEnvVarsInLog = 0;
		};
		AD5C8A632130FCD952CFA9F6 /* [CP] Embed Pods Frameworks */ = {
			isa = PBXShellScriptBuildPhase;
			buildActionMask = 2147483647;
			files = (
			);
			inputFileListPaths = (
				"${PODS_ROOT}/Target Support Files/Pods-MyInstagram/Pods-MyInstagram-frameworks-${CONFIGURATION}-input-files.xcfilelist",
			);
			name = "[CP] Embed Pods Frameworks";
			outputFileListPaths = (
				"${PODS_ROOT}/Target Support Files/Pods-MyInstagram/Pods-MyInstagram-frameworks-${CONFIGURATION}-output-files.xcfilelist",
			);
			runOnlyForDeploymentPostprocessing = 0;
			shellPath = /bin/sh;
			shellScript = "\"${PODS_ROOT}/Target Support Files/Pods-MyInstagram/Pods-MyInstagram-frameworks.sh\"\n";
			showEnvVarsInLog = 0;
		};
/* End PBXShellScriptBuildPhase section */

/* Begin PBXSourcesBuildPhase section */
		FF1E1CD527C7E806003AAACE /* Sources */ = {
			isa = PBXSourcesBuildPhase;
			buildActionMask = 2147483647;
			files = (
				FF1E1D1627C9AFE0003AAACE /* CustomTextField.swift in Sources */,
				FF1E1D5D27CAAEC3003AAACE /* ProfileHeader.swift in Sources */,
				FF1E1CE127C7E806003AAACE /* ViewController.swift in Sources */,
				FF1E1D1227C998F7003AAACE /* LoginController.swift in Sources */,
				FF1E1D0D27C83D40003AAACE /* FeedCell.swift in Sources */,
				FF1E1D0127C7F22B003AAACE /* ImageSelectorController.swift in Sources */,
				FF1E1CFF27C7F1FF003AAACE /* SearchController.swift in Sources */,
				FF1E1D1827C9BDDD003AAACE /* AuthenticationViewModel.swift in Sources */,
				FF1E1D6827CBEE47003AAACE /* UserCell.swift in Sources */,
				FF1E1D0327C7F245003AAACE /* NotificationController.swift in Sources */,
				FF1E1CDD27C7E806003AAACE /* AppDelegate.swift in Sources */,
				FF1E1D6427CAD77A003AAACE /* User.swift in Sources */,
				FF1E1D0527C7F266003AAACE /* ProfileController.swift in Sources */,
				FF1E1D6627CADF91003AAACE /* ProfileHeaderViewModel.swift in Sources */,
				FF1E1D6227CAD57A003AAACE /* Constants.swift in Sources */,
				FF1E1CFD27C7F1EF003AAACE /* FeedController.swift in Sources */,
				FF1E1D6A27CC10E7003AAACE /* UserCellViewModel.swift in Sources */,
				FF1E1CFA27C7ECED003AAACE /* MainTabController.swift in Sources */,
				FF1E1D0F27C83F8A003AAACE /* Extensions.swift in Sources */,
				FF1E1D5727CA87B9003AAACE /* ImageUploader.swift in Sources */,
				FF1E1D5927CA87C8003AAACE /* AuthService.swift in Sources */,
				FF1E1D6027CAD544003AAACE /* UserService.swift in Sources */,
				FF1E1D5B27CAAEB5003AAACE /* ProfileCell.swift in Sources */,
				FF1E1CDF27C7E806003AAACE /* SceneDelegate.swift in Sources */,
				FF1E1D1427C9990D003AAACE /* RegistrationController.swift in Sources */,
			);
			runOnlyForDeploymentPostprocessing = 0;
		};
/* End PBXSourcesBuildPhase section */

/* Begin PBXVariantGroup section */
		FF1E1CE227C7E806003AAACE /* Main.storyboard */ = {
			isa = PBXVariantGroup;
			children = (
				FF1E1CE327C7E806003AAACE /* Base */,
			);
			name = Main.storyboard;
			sourceTree = "<group>";
		};
		FF1E1CE727C7E807003AAACE /* LaunchScreen.storyboard */ = {
			isa = PBXVariantGroup;
			children = (
				FF1E1CE827C7E807003AAACE /* Base */,
			);
			name = LaunchScreen.storyboard;
			sourceTree = "<group>";
		};
/* End PBXVariantGroup section */

/* Begin XCBuildConfiguration section */
		FF1E1CEB27C7E807003AAACE /* Debug */ = {
			isa = XCBuildConfiguration;
			buildSettings = {
				ALWAYS_SEARCH_USER_PATHS = NO;
				CLANG_ANALYZER_NONNULL = YES;
				CLANG_ANALYZER_NUMBER_OBJECT_CONVERSION = YES_AGGRESSIVE;
				CLANG_CXX_LANGUAGE_STANDARD = "gnu++17";
				CLANG_CXX_LIBRARY = "libc++";
				CLANG_ENABLE_MODULES = YES;
				CLANG_ENABLE_OBJC_ARC = YES;
				CLANG_ENABLE_OBJC_WEAK = YES;
				CLANG_WARN_BLOCK_CAPTURE_AUTORELEASING = YES;
				CLANG_WARN_BOOL_CONVERSION = YES;
				CLANG_WARN_COMMA = YES;
				CLANG_WARN_CONSTANT_CONVERSION = YES;
				CLANG_WARN_DEPRECATED_OBJC_IMPLEMENTATIONS = YES;
				CLANG_WARN_DIRECT_OBJC_ISA_USAGE = YES_ERROR;
				CLANG_WARN_DOCUMENTATION_COMMENTS = YES;
				CLANG_WARN_EMPTY_BODY = YES;
				CLANG_WARN_ENUM_CONVERSION = YES;
				CLANG_WARN_INFINITE_RECURSION = YES;
				CLANG_WARN_INT_CONVERSION = YES;
				CLANG_WARN_NON_LITERAL_NULL_CONVERSION = YES;
				CLANG_WARN_OBJC_IMPLICIT_RETAIN_SELF = YES;
				CLANG_WARN_OBJC_LITERAL_CONVERSION = YES;
				CLANG_WARN_OBJC_ROOT_CLASS = YES_ERROR;
				CLANG_WARN_QUOTED_INCLUDE_IN_FRAMEWORK_HEADER = YES;
				CLANG_WARN_RANGE_LOOP_ANALYSIS = YES;
				CLANG_WARN_STRICT_PROTOTYPES = YES;
				CLANG_WARN_SUSPICIOUS_MOVE = YES;
				CLANG_WARN_UNGUARDED_AVAILABILITY = YES_AGGRESSIVE;
				CLANG_WARN_UNREACHABLE_CODE = YES;
				CLANG_WARN__DUPLICATE_METHOD_MATCH = YES;
				COPY_PHASE_STRIP = NO;
				DEBUG_INFORMATION_FORMAT = dwarf;
				ENABLE_STRICT_OBJC_MSGSEND = YES;
				ENABLE_TESTABILITY = YES;
				GCC_C_LANGUAGE_STANDARD = gnu11;
				GCC_DYNAMIC_NO_PIC = NO;
				GCC_NO_COMMON_BLOCKS = YES;
				GCC_OPTIMIZATION_LEVEL = 0;
				GCC_PREPROCESSOR_DEFINITIONS = (
					"DEBUG=1",
					"$(inherited)",
				);
				GCC_WARN_64_TO_32_BIT_CONVERSION = YES;
				GCC_WARN_ABOUT_RETURN_TYPE = YES_ERROR;
				GCC_WARN_UNDECLARED_SELECTOR = YES;
				GCC_WARN_UNINITIALIZED_AUTOS = YES_AGGRESSIVE;
				GCC_WARN_UNUSED_FUNCTION = YES;
				GCC_WARN_UNUSED_VARIABLE = YES;
				IPHONEOS_DEPLOYMENT_TARGET = 15.2;
				MTL_ENABLE_DEBUG_INFO = INCLUDE_SOURCE;
				MTL_FAST_MATH = YES;
				ONLY_ACTIVE_ARCH = YES;
				SDKROOT = iphoneos;
				SWIFT_ACTIVE_COMPILATION_CONDITIONS = DEBUG;
				SWIFT_OPTIMIZATION_LEVEL = "-Onone";
			};
			name = Debug;
		};
		FF1E1CEC27C7E807003AAACE /* Release */ = {
			isa = XCBuildConfiguration;
			buildSettings = {
				ALWAYS_SEARCH_USER_PATHS = NO;
				CLANG_ANALYZER_NONNULL = YES;
				CLANG_ANALYZER_NUMBER_OBJECT_CONVERSION = YES_AGGRESSIVE;
				CLANG_CXX_LANGUAGE_STANDARD = "gnu++17";
				CLANG_CXX_LIBRARY = "libc++";
				CLANG_ENABLE_MODULES = YES;
				CLANG_ENABLE_OBJC_ARC = YES;
				CLANG_ENABLE_OBJC_WEAK = YES;
				CLANG_WARN_BLOCK_CAPTURE_AUTORELEASING = YES;
				CLANG_WARN_BOOL_CONVERSION = YES;
				CLANG_WARN_COMMA = YES;
				CLANG_WARN_CONSTANT_CONVERSION = YES;
				CLANG_WARN_DEPRECATED_OBJC_IMPLEMENTATIONS = YES;
				CLANG_WARN_DIRECT_OBJC_ISA_USAGE = YES_ERROR;
				CLANG_WARN_DOCUMENTATION_COMMENTS = YES;
				CLANG_WARN_EMPTY_BODY = YES;
				CLANG_WARN_ENUM_CONVERSION = YES;
				CLANG_WARN_INFINITE_RECURSION = YES;
				CLANG_WARN_INT_CONVERSION = YES;
				CLANG_WARN_NON_LITERAL_NULL_CONVERSION = YES;
				CLANG_WARN_OBJC_IMPLICIT_RETAIN_SELF = YES;
				CLANG_WARN_OBJC_LITERAL_CONVERSION = YES;
				CLANG_WARN_OBJC_ROOT_CLASS = YES_ERROR;
				CLANG_WARN_QUOTED_INCLUDE_IN_FRAMEWORK_HEADER = YES;
				CLANG_WARN_RANGE_LOOP_ANALYSIS = YES;
				CLANG_WARN_STRICT_PROTOTYPES = YES;
				CLANG_WARN_SUSPICIOUS_MOVE = YES;
				CLANG_WARN_UNGUARDED_AVAILABILITY = YES_AGGRESSIVE;
				CLANG_WARN_UNREACHABLE_CODE = YES;
				CLANG_WARN__DUPLICATE_METHOD_MATCH = YES;
				COPY_PHASE_STRIP = NO;
				DEBUG_INFORMATION_FORMAT = "dwarf-with-dsym";
				ENABLE_NS_ASSERTIONS = NO;
				ENABLE_STRICT_OBJC_MSGSEND = YES;
				GCC_C_LANGUAGE_STANDARD = gnu11;
				GCC_NO_COMMON_BLOCKS = YES;
				GCC_WARN_64_TO_32_BIT_CONVERSION = YES;
				GCC_WARN_ABOUT_RETURN_TYPE = YES_ERROR;
				GCC_WARN_UNDECLARED_SELECTOR = YES;
				GCC_WARN_UNINITIALIZED_AUTOS = YES_AGGRESSIVE;
				GCC_WARN_UNUSED_FUNCTION = YES;
				GCC_WARN_UNUSED_VARIABLE = YES;
				IPHONEOS_DEPLOYMENT_TARGET = 15.2;
				MTL_ENABLE_DEBUG_INFO = NO;
				MTL_FAST_MATH = YES;
				SDKROOT = iphoneos;
				SWIFT_COMPILATION_MODE = wholemodule;
				SWIFT_OPTIMIZATION_LEVEL = "-O";
				VALIDATE_PRODUCT = YES;
			};
			name = Release;
		};
		FF1E1CEE27C7E807003AAACE /* Debug */ = {
			isa = XCBuildConfiguration;
			baseConfigurationReference = B3D00F2D5EBB416A18E3A9E6 /* Pods-MyInstagram.debug.xcconfig */;
			buildSettings = {
				ASSETCATALOG_COMPILER_APPICON_NAME = AppIcon;
				ASSETCATALOG_COMPILER_GLOBAL_ACCENT_COLOR_NAME = AccentColor;
				CODE_SIGN_STYLE = Automatic;
				CURRENT_PROJECT_VERSION = 1;
				DEVELOPMENT_TEAM = D2H83P2DRT;
				GENERATE_INFOPLIST_FILE = YES;
				INFOPLIST_FILE = MyInstagram/Info.plist;
				INFOPLIST_KEY_UIApplicationSupportsIndirectInputEvents = YES;
				INFOPLIST_KEY_UILaunchStoryboardName = LaunchScreen;
				INFOPLIST_KEY_UIMainStoryboardFile = Main;
				INFOPLIST_KEY_UISupportedInterfaceOrientations = "UIInterfaceOrientationPortrait UIInterfaceOrientationLandscapeLeft UIInterfaceOrientationLandscapeRight";
				INFOPLIST_KEY_UISupportedInterfaceOrientations_iPad = "UIInterfaceOrientationPortrait UIInterfaceOrientationPortraitUpsideDown UIInterfaceOrientationLandscapeLeft UIInterfaceOrientationLandscapeRight";
				INFOPLIST_KEY_UISupportedInterfaceOrientations_iPhone = "UIInterfaceOrientationPortrait UIInterfaceOrientationLandscapeLeft UIInterfaceOrientationLandscapeRight";
				LD_RUNPATH_SEARCH_PATHS = (
					"$(inherited)",
					"@executable_path/Frameworks",
				);
				MARKETING_VERSION = 1.0;
				PRODUCT_BUNDLE_IDENTIFIER = com.isthissid.MyInstagram;
				PRODUCT_NAME = "$(TARGET_NAME)";
				SWIFT_EMIT_LOC_STRINGS = YES;
				SWIFT_VERSION = 5.0;
				TARGETED_DEVICE_FAMILY = "1,2";
			};
			name = Debug;
		};
		FF1E1CEF27C7E807003AAACE /* Release */ = {
			isa = XCBuildConfiguration;
			baseConfigurationReference = 23D6609C8613F40263B0B9EC /* Pods-MyInstagram.release.xcconfig */;
			buildSettings = {
				ASSETCATALOG_COMPILER_APPICON_NAME = AppIcon;
				ASSETCATALOG_COMPILER_GLOBAL_ACCENT_COLOR_NAME = AccentColor;
				CODE_SIGN_STYLE = Automatic;
				CURRENT_PROJECT_VERSION = 1;
				DEVELOPMENT_TEAM = D2H83P2DRT;
				GENERATE_INFOPLIST_FILE = YES;
				INFOPLIST_FILE = MyInstagram/Info.plist;
				INFOPLIST_KEY_UIApplicationSupportsIndirectInputEvents = YES;
				INFOPLIST_KEY_UILaunchStoryboardName = LaunchScreen;
				INFOPLIST_KEY_UIMainStoryboardFile = Main;
				INFOPLIST_KEY_UISupportedInterfaceOrientations = "UIInterfaceOrientationPortrait UIInterfaceOrientationLandscapeLeft UIInterfaceOrientationLandscapeRight";
				INFOPLIST_KEY_UISupportedInterfaceOrientations_iPad = "UIInterfaceOrientationPortrait UIInterfaceOrientationPortraitUpsideDown UIInterfaceOrientationLandscapeLeft UIInterfaceOrientationLandscapeRight";
				INFOPLIST_KEY_UISupportedInterfaceOrientations_iPhone = "UIInterfaceOrientationPortrait UIInterfaceOrientationLandscapeLeft UIInterfaceOrientationLandscapeRight";
				LD_RUNPATH_SEARCH_PATHS = (
					"$(inherited)",
					"@executable_path/Frameworks",
				);
				MARKETING_VERSION = 1.0;
				PRODUCT_BUNDLE_IDENTIFIER = com.isthissid.MyInstagram;
				PRODUCT_NAME = "$(TARGET_NAME)";
				SWIFT_EMIT_LOC_STRINGS = YES;
				SWIFT_VERSION = 5.0;
				TARGETED_DEVICE_FAMILY = "1,2";
			};
			name = Release;
		};
/* End XCBuildConfiguration section */

/* Begin XCConfigurationList section */
		FF1E1CD427C7E805003AAACE /* Build configuration list for PBXProject "MyInstagram" */ = {
			isa = XCConfigurationList;
			buildConfigurations = (
				FF1E1CEB27C7E807003AAACE /* Debug */,
				FF1E1CEC27C7E807003AAACE /* Release */,
			);
			defaultConfigurationIsVisible = 0;
			defaultConfigurationName = Release;
		};
		FF1E1CED27C7E807003AAACE /* Build configuration list for PBXNativeTarget "MyInstagram" */ = {
			isa = XCConfigurationList;
			buildConfigurations = (
				FF1E1CEE27C7E807003AAACE /* Debug */,
				FF1E1CEF27C7E807003AAACE /* Release */,
			);
			defaultConfigurationIsVisible = 0;
			defaultConfigurationName = Release;
		};
/* End XCConfigurationList section */

/* Begin XCRemoteSwiftPackageReference section */
		FF1E1D1B27CA8226003AAACE /* XCRemoteSwiftPackageReference "firebase-ios-sdk" */ = {
			isa = XCRemoteSwiftPackageReference;
			repositoryURL = "https://github.com/firebase/firebase-ios-sdk";
			requirement = {
				kind = upToNextMajorVersion;
				minimumVersion = 8.0.0;
			};
		};
/* End XCRemoteSwiftPackageReference section */

/* Begin XCSwiftPackageProductDependency section */
		FF1E1D1C27CA8226003AAACE /* FirebaseAnalytics */ = {
			isa = XCSwiftPackageProductDependency;
			package = FF1E1D1B27CA8226003AAACE /* XCRemoteSwiftPackageReference "firebase-ios-sdk" */;
			productName = FirebaseAnalytics;
		};
		FF1E1D1E27CA8226003AAACE /* FirebaseAnalyticsSwift-Beta */ = {
			isa = XCSwiftPackageProductDependency;
			package = FF1E1D1B27CA8226003AAACE /* XCRemoteSwiftPackageReference "firebase-ios-sdk" */;
			productName = "FirebaseAnalyticsSwift-Beta";
		};
		FF1E1D2027CA8226003AAACE /* FirebaseAnalyticsWithoutAdIdSupport */ = {
			isa = XCSwiftPackageProductDependency;
			package = FF1E1D1B27CA8226003AAACE /* XCRemoteSwiftPackageReference "firebase-ios-sdk" */;
			productName = FirebaseAnalyticsWithoutAdIdSupport;
		};
		FF1E1D2227CA8226003AAACE /* FirebaseAppCheck */ = {
			isa = XCSwiftPackageProductDependency;
			package = FF1E1D1B27CA8226003AAACE /* XCRemoteSwiftPackageReference "firebase-ios-sdk" */;
			productName = FirebaseAppCheck;
		};
		FF1E1D2427CA8226003AAACE /* FirebaseAppDistribution-Beta */ = {
			isa = XCSwiftPackageProductDependency;
			package = FF1E1D1B27CA8226003AAACE /* XCRemoteSwiftPackageReference "firebase-ios-sdk" */;
			productName = "FirebaseAppDistribution-Beta";
		};
		FF1E1D2627CA8226003AAACE /* FirebaseAuth */ = {
			isa = XCSwiftPackageProductDependency;
			package = FF1E1D1B27CA8226003AAACE /* XCRemoteSwiftPackageReference "firebase-ios-sdk" */;
			productName = FirebaseAuth;
		};
		FF1E1D2827CA8226003AAACE /* FirebaseAuthCombine-Community */ = {
			isa = XCSwiftPackageProductDependency;
			package = FF1E1D1B27CA8226003AAACE /* XCRemoteSwiftPackageReference "firebase-ios-sdk" */;
			productName = "FirebaseAuthCombine-Community";
		};
		FF1E1D2A27CA8226003AAACE /* FirebaseCrashlytics */ = {
			isa = XCSwiftPackageProductDependency;
			package = FF1E1D1B27CA8226003AAACE /* XCRemoteSwiftPackageReference "firebase-ios-sdk" */;
			productName = FirebaseCrashlytics;
		};
		FF1E1D2C27CA8226003AAACE /* FirebaseDatabase */ = {
			isa = XCSwiftPackageProductDependency;
			package = FF1E1D1B27CA8226003AAACE /* XCRemoteSwiftPackageReference "firebase-ios-sdk" */;
			productName = FirebaseDatabase;
		};
		FF1E1D2E27CA8226003AAACE /* FirebaseDatabaseSwift-Beta */ = {
			isa = XCSwiftPackageProductDependency;
			package = FF1E1D1B27CA8226003AAACE /* XCRemoteSwiftPackageReference "firebase-ios-sdk" */;
			productName = "FirebaseDatabaseSwift-Beta";
		};
		FF1E1D3027CA8226003AAACE /* FirebaseDynamicLinks */ = {
			isa = XCSwiftPackageProductDependency;
			package = FF1E1D1B27CA8226003AAACE /* XCRemoteSwiftPackageReference "firebase-ios-sdk" */;
			productName = FirebaseDynamicLinks;
		};
		FF1E1D3227CA8226003AAACE /* FirebaseFirestore */ = {
			isa = XCSwiftPackageProductDependency;
			package = FF1E1D1B27CA8226003AAACE /* XCRemoteSwiftPackageReference "firebase-ios-sdk" */;
			productName = FirebaseFirestore;
		};
		FF1E1D3427CA8226003AAACE /* FirebaseFirestoreCombine-Community */ = {
			isa = XCSwiftPackageProductDependency;
			package = FF1E1D1B27CA8226003AAACE /* XCRemoteSwiftPackageReference "firebase-ios-sdk" */;
			productName = "FirebaseFirestoreCombine-Community";
		};
		FF1E1D3627CA8226003AAACE /* FirebaseFirestoreSwift-Beta */ = {
			isa = XCSwiftPackageProductDependency;
			package = FF1E1D1B27CA8226003AAACE /* XCRemoteSwiftPackageReference "firebase-ios-sdk" */;
			productName = "FirebaseFirestoreSwift-Beta";
		};
		FF1E1D3827CA8226003AAACE /* FirebaseFunctions */ = {
			isa = XCSwiftPackageProductDependency;
			package = FF1E1D1B27CA8226003AAACE /* XCRemoteSwiftPackageReference "firebase-ios-sdk" */;
			productName = FirebaseFunctions;
		};
		FF1E1D3A27CA8226003AAACE /* FirebaseFunctionsCombine-Community */ = {
			isa = XCSwiftPackageProductDependency;
			package = FF1E1D1B27CA8226003AAACE /* XCRemoteSwiftPackageReference "firebase-ios-sdk" */;
			productName = "FirebaseFunctionsCombine-Community";
		};
		FF1E1D3C27CA8226003AAACE /* FirebaseFunctionsSwift-Beta */ = {
			isa = XCSwiftPackageProductDependency;
			package = FF1E1D1B27CA8226003AAACE /* XCRemoteSwiftPackageReference "firebase-ios-sdk" */;
			productName = "FirebaseFunctionsSwift-Beta";
		};
		FF1E1D3E27CA8226003AAACE /* FirebaseInAppMessaging-Beta */ = {
			isa = XCSwiftPackageProductDependency;
			package = FF1E1D1B27CA8226003AAACE /* XCRemoteSwiftPackageReference "firebase-ios-sdk" */;
			productName = "FirebaseInAppMessaging-Beta";
		};
		FF1E1D4027CA8226003AAACE /* FirebaseInAppMessagingSwift-Beta */ = {
			isa = XCSwiftPackageProductDependency;
			package = FF1E1D1B27CA8226003AAACE /* XCRemoteSwiftPackageReference "firebase-ios-sdk" */;
			productName = "FirebaseInAppMessagingSwift-Beta";
		};
		FF1E1D4227CA8226003AAACE /* FirebaseInstallations */ = {
			isa = XCSwiftPackageProductDependency;
			package = FF1E1D1B27CA8226003AAACE /* XCRemoteSwiftPackageReference "firebase-ios-sdk" */;
			productName = FirebaseInstallations;
		};
		FF1E1D4427CA8226003AAACE /* FirebaseMLModelDownloader */ = {
			isa = XCSwiftPackageProductDependency;
			package = FF1E1D1B27CA8226003AAACE /* XCRemoteSwiftPackageReference "firebase-ios-sdk" */;
			productName = FirebaseMLModelDownloader;
		};
		FF1E1D4627CA8226003AAACE /* FirebaseMessaging */ = {
			isa = XCSwiftPackageProductDependency;
			package = FF1E1D1B27CA8226003AAACE /* XCRemoteSwiftPackageReference "firebase-ios-sdk" */;
			productName = FirebaseMessaging;
		};
		FF1E1D4827CA8226003AAACE /* FirebasePerformance */ = {
			isa = XCSwiftPackageProductDependency;
			package = FF1E1D1B27CA8226003AAACE /* XCRemoteSwiftPackageReference "firebase-ios-sdk" */;
			productName = FirebasePerformance;
		};
		FF1E1D4A27CA8226003AAACE /* FirebaseRemoteConfig */ = {
			isa = XCSwiftPackageProductDependency;
			package = FF1E1D1B27CA8226003AAACE /* XCRemoteSwiftPackageReference "firebase-ios-sdk" */;
			productName = FirebaseRemoteConfig;
		};
		FF1E1D4C27CA8226003AAACE /* FirebaseRemoteConfigSwift-Beta */ = {
			isa = XCSwiftPackageProductDependency;
			package = FF1E1D1B27CA8226003AAACE /* XCRemoteSwiftPackageReference "firebase-ios-sdk" */;
			productName = "FirebaseRemoteConfigSwift-Beta";
		};
		FF1E1D4E27CA8226003AAACE /* FirebaseStorage */ = {
			isa = XCSwiftPackageProductDependency;
			package = FF1E1D1B27CA8226003AAACE /* XCRemoteSwiftPackageReference "firebase-ios-sdk" */;
			productName = FirebaseStorage;
		};
		FF1E1D5027CA8226003AAACE /* FirebaseStorageCombine-Community */ = {
			isa = XCSwiftPackageProductDependency;
			package = FF1E1D1B27CA8226003AAACE /* XCRemoteSwiftPackageReference "firebase-ios-sdk" */;
			productName = "FirebaseStorageCombine-Community";
		};
		FF1E1D5227CA8226003AAACE /* FirebaseStorageSwift-Beta */ = {
			isa = XCSwiftPackageProductDependency;
			package = FF1E1D1B27CA8226003AAACE /* XCRemoteSwiftPackageReference "firebase-ios-sdk" */;
			productName = "FirebaseStorageSwift-Beta";
		};
/* End XCSwiftPackageProductDependency section */
	};
	rootObject = FF1E1CD127C7E805003AAACE /* Project object */;
}
