// !$*UTF8*$!
{
	archiveVersion = 1;
	classes = {
	};
	objectVersion = 55;
	objects = {

/* Begin PBXBuildFile section */
		FF1E1CDD27C7E806003AAACE /* AppDelegate.swift in Sources */ = {isa = PBXBuildFile; fileRef = FF1E1CDC27C7E806003AAACE /* AppDelegate.swift */; };
		FF1E1CDF27C7E806003AAACE /* SceneDelegate.swift in Sources */ = {isa = PBXBuildFile; fileRef = FF1E1CDE27C7E806003AAACE /* SceneDelegate.swift */; };
		FF1E1CE127C7E806003AAACE /* ViewController.swift in Sources */ = {isa = PBXBuildFile; fileRef = FF1E1CE027C7E806003AAACE /* ViewController.swift */; };
		FF1E1CE427C7E806003AAACE /* Main.storyboard in Resources */ = {isa = PBXBuildFile; fileRef = FF1E1CE227C7E806003AAACE /* Main.storyboard */; };
		FF1E1CE927C7E807003AAACE /* LaunchScreen.storyboard in Resources */ = {isa = PBXBuildFile; fileRef = FF1E1CE727C7E807003AAACE /* LaunchScreen.storyboard */; };
		FF1E1CFA27C7ECED003AAACE /* MainTabController.swift in Sources */ = {isa = PBXBuildFile; fileRef = FF1E1CF927C7ECED003AAACE /* MainTabController.swift */; };
		FF1E1CFD27C7F1EF003AAACE /* FeedController.swift in Sources */ = {isa = PBXBuildFile; fileRef = FF1E1CFC27C7F1EF003AAACE /* FeedController.swift */; };
		FF1E1CFF27C7F1FF003AAACE /* SearchController.swift in Sources */ = {isa = PBXBuildFile; fileRef = FF1E1CFE27C7F1FF003AAACE /* SearchController.swift */; };
		FF1E1D0127C7F22B003AAACE /* ImageSelectorController.swift in Sources */ = {isa = PBXBuildFile; fileRef = FF1E1D0027C7F22B003AAACE /* ImageSelectorController.swift */; };
		FF1E1D0327C7F245003AAACE /* NotificationController.swift in Sources */ = {isa = PBXBuildFile; fileRef = FF1E1D0227C7F245003AAACE /* NotificationController.swift */; };
		FF1E1D0527C7F266003AAACE /* ProfileController.swift in Sources */ = {isa = PBXBuildFile; fileRef = FF1E1D0427C7F266003AAACE /* ProfileController.swift */; };
		FF1E1D0B27C7FA63003AAACE /* Assets.xcassets in Resources */ = {isa = PBXBuildFile; fileRef = FF1E1D0A27C7FA63003AAACE /* Assets.xcassets */; };
		FF1E1D0D27C83D40003AAACE /* FeedCell.swift in Sources */ = {isa = PBXBuildFile; fileRef = FF1E1D0C27C83D40003AAACE /* FeedCell.swift */; };
		FF1E1D0F27C83F8A003AAACE /* Extensions.swift in Sources */ = {isa = PBXBuildFile; fileRef = FF1E1D0E27C83F8A003AAACE /* Extensions.swift */; };
		FF1E1D1227C998F7003AAACE /* LoginController.swift in Sources */ = {isa = PBXBuildFile; fileRef = FF1E1D1127C998F7003AAACE /* LoginController.swift */; };
		FF1E1D1427C9990D003AAACE /* RegistrationController.swift in Sources */ = {isa = PBXBuildFile; fileRef = FF1E1D1327C9990D003AAACE /* RegistrationController.swift */; };
		FF1E1D1627C9AFE0003AAACE /* CustomTextField.swift in Sources */ = {isa = PBXBuildFile; fileRef = FF1E1D1527C9AFE0003AAACE /* CustomTextField.swift */; };
		FF1E1D1827C9BDDD003AAACE /* AuthenticationViewModel.swift in Sources */ = {isa = PBXBuildFile; fileRef = FF1E1D1727C9BDDD003AAACE /* AuthenticationViewModel.swift */; };
/* End PBXBuildFile section */

/* Begin PBXFileReference section */
		FF1E1CD927C7E806003AAACE /* MyInstagram.app */ = {isa = PBXFileReference; explicitFileType = wrapper.application; includeInIndex = 0; path = MyInstagram.app; sourceTree = BUILT_PRODUCTS_DIR; };
		FF1E1CDC27C7E806003AAACE /* AppDelegate.swift */ = {isa = PBXFileReference; lastKnownFileType = sourcecode.swift; path = AppDelegate.swift; sourceTree = "<group>"; };
		FF1E1CDE27C7E806003AAACE /* SceneDelegate.swift */ = {isa = PBXFileReference; lastKnownFileType = sourcecode.swift; path = SceneDelegate.swift; sourceTree = "<group>"; };
		FF1E1CE027C7E806003AAACE /* ViewController.swift */ = {isa = PBXFileReference; lastKnownFileType = sourcecode.swift; path = ViewController.swift; sourceTree = "<group>"; };
		FF1E1CE327C7E806003AAACE /* Base */ = {isa = PBXFileReference; lastKnownFileType = file.storyboard; name = Base; path = Base.lproj/Main.storyboard; sourceTree = "<group>"; };
		FF1E1CE827C7E807003AAACE /* Base */ = {isa = PBXFileReference; lastKnownFileType = file.storyboard; name = Base; path = Base.lproj/LaunchScreen.storyboard; sourceTree = "<group>"; };
		FF1E1CEA27C7E807003AAACE /* Info.plist */ = {isa = PBXFileReference; lastKnownFileType = text.plist.xml; path = Info.plist; sourceTree = "<group>"; };
		FF1E1CF927C7ECED003AAACE /* MainTabController.swift */ = {isa = PBXFileReference; lastKnownFileType = sourcecode.swift; path = MainTabController.swift; sourceTree = "<group>"; };
		FF1E1CFC27C7F1EF003AAACE /* FeedController.swift */ = {isa = PBXFileReference; lastKnownFileType = sourcecode.swift; path = FeedController.swift; sourceTree = "<group>"; };
		FF1E1CFE27C7F1FF003AAACE /* SearchController.swift */ = {isa = PBXFileReference; lastKnownFileType = sourcecode.swift; path = SearchController.swift; sourceTree = "<group>"; };
		FF1E1D0027C7F22B003AAACE /* ImageSelectorController.swift */ = {isa = PBXFileReference; lastKnownFileType = sourcecode.swift; path = ImageSelectorController.swift; sourceTree = "<group>"; };
		FF1E1D0227C7F245003AAACE /* NotificationController.swift */ = {isa = PBXFileReference; lastKnownFileType = sourcecode.swift; path = NotificationController.swift; sourceTree = "<group>"; };
		FF1E1D0427C7F266003AAACE /* ProfileController.swift */ = {isa = PBXFileReference; lastKnownFileType = sourcecode.swift; path = ProfileController.swift; sourceTree = "<group>"; };
		FF1E1D0A27C7FA63003AAACE /* Assets.xcassets */ = {isa = PBXFileReference; lastKnownFileType = folder.assetcatalog; name = Assets.xcassets; path = ../../../Downloads/Assets.xcassets; sourceTree = "<group>"; };
		FF1E1D0C27C83D40003AAACE /* FeedCell.swift */ = {isa = PBXFileReference; lastKnownFileType = sourcecode.swift; path = FeedCell.swift; sourceTree = "<group>"; };
		FF1E1D0E27C83F8A003AAACE /* Extensions.swift */ = {isa = PBXFileReference; lastKnownFileType = sourcecode.swift; path = Extensions.swift; sourceTree = "<group>"; };
		FF1E1D1127C998F7003AAACE /* LoginController.swift */ = {isa = PBXFileReference; lastKnownFileType = sourcecode.swift; path = LoginController.swift; sourceTree = "<group>"; };
		FF1E1D1327C9990D003AAACE /* RegistrationController.swift */ = {isa = PBXFileReference; lastKnownFileType = sourcecode.swift; path = RegistrationController.swift; sourceTree = "<group>"; };
		FF1E1D1527C9AFE0003AAACE /* CustomTextField.swift */ = {isa = PBXFileReference; lastKnownFileType = sourcecode.swift; path = CustomTextField.swift; sourceTree = "<group>"; };
		FF1E1D1727C9BDDD003AAACE /* AuthenticationViewModel.swift */ = {isa = PBXFileReference; lastKnownFileType = sourcecode.swift; path = AuthenticationViewModel.swift; sourceTree = "<group>"; };
/* End PBXFileReference section */

/* Begin PBXFrameworksBuildPhase section */
		FF1E1CD627C7E806003AAACE /* Frameworks */ = {
			isa = PBXFrameworksBuildPhase;
			buildActionMask = 2147483647;
			files = (
			);
			runOnlyForDeploymentPostprocessing = 0;
		};
/* End PBXFrameworksBuildPhase section */

/* Begin PBXGroup section */
		FF1E1CD027C7E805003AAACE = {
			isa = PBXGroup;
			children = (
				FF1E1CDB27C7E806003AAACE /* MyInstagram */,
				FF1E1CDA27C7E806003AAACE /* Products */,
			);
			sourceTree = "<group>";
		};
		FF1E1CDA27C7E806003AAACE /* Products */ = {
			isa = PBXGroup;
			children = (
				FF1E1CD927C7E806003AAACE /* MyInstagram.app */,
			);
			name = Products;
			sourceTree = "<group>";
		};
		FF1E1CDB27C7E806003AAACE /* MyInstagram */ = {
			isa = PBXGroup;
			children = (
				FF1E1CF827C7EAD4003AAACE /* Model */,
				FF1E1CF727C7EAD2003AAACE /* View */,
				FF1E1CF627C7EAC5003AAACE /* ViewModel */,
				FF1E1CF527C7EAC2003AAACE /* Controller */,
				FF1E1CF127C7EAA8003AAACE /* API */,
				FF1E1CF027C7EAA0003AAACE /* Utils */,
				FF1E1CDC27C7E806003AAACE /* AppDelegate.swift */,
				FF1E1CDE27C7E806003AAACE /* SceneDelegate.swift */,
				FF1E1CE027C7E806003AAACE /* ViewController.swift */,
				FF1E1CE227C7E806003AAACE /* Main.storyboard */,
				FF1E1CE727C7E807003AAACE /* LaunchScreen.storyboard */,
				FF1E1D0A27C7FA63003AAACE /* Assets.xcassets */,
				FF1E1CEA27C7E807003AAACE /* Info.plist */,
			);
			path = MyInstagram;
			sourceTree = "<group>";
		};
		FF1E1CF027C7EAA0003AAACE /* Utils */ = {
			isa = PBXGroup;
			children = (
				FF1E1D0E27C83F8A003AAACE /* Extensions.swift */,
			);
			path = Utils;
			sourceTree = "<group>";
		};
		FF1E1CF127C7EAA8003AAACE /* API */ = {
			isa = PBXGroup;
			children = (
			);
			path = API;
			sourceTree = "<group>";
		};
		FF1E1CF527C7EAC2003AAACE /* Controller */ = {
			isa = PBXGroup;
			children = (
				FF1E1D1027C998DA003AAACE /* Authentication */,
				FF1E1CF927C7ECED003AAACE /* MainTabController.swift */,
				FF1E1CFC27C7F1EF003AAACE /* FeedController.swift */,
				FF1E1CFE27C7F1FF003AAACE /* SearchController.swift */,
				FF1E1D0027C7F22B003AAACE /* ImageSelectorController.swift */,
				FF1E1D0227C7F245003AAACE /* NotificationController.swift */,
				FF1E1D0427C7F266003AAACE /* ProfileController.swift */,
			);
			path = Controller;
			sourceTree = "<group>";
		};
		FF1E1CF627C7EAC5003AAACE /* ViewModel */ = {
			isa = PBXGroup;
			children = (
				FF1E1D1727C9BDDD003AAACE /* AuthenticationViewModel.swift */,
			);
			path = ViewModel;
			sourceTree = "<group>";
		};
		FF1E1CF727C7EAD2003AAACE /* View */ = {
			isa = PBXGroup;
			children = (
				FF1E1D0C27C83D40003AAACE /* FeedCell.swift */,
				FF1E1D1527C9AFE0003AAACE /* CustomTextField.swift */,
			);
			path = View;
			sourceTree = "<group>";
		};
		FF1E1CF827C7EAD4003AAACE /* Model */ = {
			isa = PBXGroup;
			children = (
			);
			path = Model;
			sourceTree = "<group>";
		};
		FF1E1D1027C998DA003AAACE /* Authentication */ = {
			isa = PBXGroup;
			children = (
				FF1E1D1127C998F7003AAACE /* LoginController.swift */,
				FF1E1D1327C9990D003AAACE /* RegistrationController.swift */,
			);
			path = Authentication;
			sourceTree = "<group>";
		};
/* End PBXGroup section */

/* Begin PBXNativeTarget section */
		FF1E1CD827C7E806003AAACE /* MyInstagram */ = {
			isa = PBXNativeTarget;
			buildConfigurationList = FF1E1CED27C7E807003AAACE /* Build configuration list for PBXNativeTarget "MyInstagram" */;
			buildPhases = (
				FF1E1CD527C7E806003AAACE /* Sources */,
				FF1E1CD627C7E806003AAACE /* Frameworks */,
				FF1E1CD727C7E806003AAACE /* Resources */,
			);
			buildRules = (
			);
			dependencies = (
			);
			name = MyInstagram;
			productName = MyInstagram;
			productReference = FF1E1CD927C7E806003AAACE /* MyInstagram.app */;
			productType = "com.apple.product-type.application";
		};
/* End PBXNativeTarget section */

/* Begin PBXProject section */
		FF1E1CD127C7E805003AAACE /* Project object */ = {
			isa = PBXProject;
			attributes = {
				BuildIndependentTargetsInParallel = 1;
				LastSwiftUpdateCheck = 1320;
				LastUpgradeCheck = 1320;
				TargetAttributes = {
					FF1E1CD827C7E806003AAACE = {
						CreatedOnToolsVersion = 13.2.1;
					};
				};
			};
			buildConfigurationList = FF1E1CD427C7E805003AAACE /* Build configuration list for PBXProject "MyInstagram" */;
			compatibilityVersion = "Xcode 13.0";
			developmentRegion = en;
			hasScannedForEncodings = 0;
			knownRegions = (
				en,
				Base,
			);
			mainGroup = FF1E1CD027C7E805003AAACE;
			productRefGroup = FF1E1CDA27C7E806003AAACE /* Products */;
			projectDirPath = "";
			projectRoot = "";
			targets = (
				FF1E1CD827C7E806003AAACE /* MyInstagram */,
			);
		};
/* End PBXProject section */

/* Begin PBXResourcesBuildPhase section */
		FF1E1CD727C7E806003AAACE /* Resources */ = {
			isa = PBXResourcesBuildPhase;
			buildActionMask = 2147483647;
			files = (
				FF1E1CE927C7E807003AAACE /* LaunchScreen.storyboard in Resources */,
				FF1E1D0B27C7FA63003AAACE /* Assets.xcassets in Resources */,
				FF1E1CE427C7E806003AAACE /* Main.storyboard in Resources */,
			);
			runOnlyForDeploymentPostprocessing = 0;
		};
/* End PBXResourcesBuildPhase section */

/* Begin PBXSourcesBuildPhase section */
		FF1E1CD527C7E806003AAACE /* Sources */ = {
			isa = PBXSourcesBuildPhase;
			buildActionMask = 2147483647;
			files = (
				FF1E1D1627C9AFE0003AAACE /* CustomTextField.swift in Sources */,
				FF1E1CE127C7E806003AAACE /* ViewController.swift in Sources */,
				FF1E1D1227C998F7003AAACE /* LoginController.swift in Sources */,
				FF1E1D0D27C83D40003AAACE /* FeedCell.swift in Sources */,
				FF1E1D0127C7F22B003AAACE /* ImageSelectorController.swift in Sources */,
				FF1E1CFF27C7F1FF003AAACE /* SearchController.swift in Sources */,
				FF1E1D1827C9BDDD003AAACE /* AuthenticationViewModel.swift in Sources */,
				FF1E1D0327C7F245003AAACE /* NotificationController.swift in Sources */,
				FF1E1CDD27C7E806003AAACE /* AppDelegate.swift in Sources */,
				FF1E1D0527C7F266003AAACE /* ProfileController.swift in Sources */,
				FF1E1CFD27C7F1EF003AAACE /* FeedController.swift in Sources */,
				FF1E1CFA27C7ECED003AAACE /* MainTabController.swift in Sources */,
				FF1E1D0F27C83F8A003AAACE /* Extensions.swift in Sources */,
				FF1E1CDF27C7E806003AAACE /* SceneDelegate.swift in Sources */,
				FF1E1D1427C9990D003AAACE /* RegistrationController.swift in Sources */,
			);
			runOnlyForDeploymentPostprocessing = 0;
		};
/* End PBXSourcesBuildPhase section */

/* Begin PBXVariantGroup section */
		FF1E1CE227C7E806003AAACE /* Main.storyboard */ = {
			isa = PBXVariantGroup;
			children = (
				FF1E1CE327C7E806003AAACE /* Base */,
			);
			name = Main.storyboard;
			sourceTree = "<group>";
		};
		FF1E1CE727C7E807003AAACE /* LaunchScreen.storyboard */ = {
			isa = PBXVariantGroup;
			children = (
				FF1E1CE827C7E807003AAACE /* Base */,
			);
			name = LaunchScreen.storyboard;
			sourceTree = "<group>";
		};
/* End PBXVariantGroup section */

/* Begin XCBuildConfiguration section */
		FF1E1CEB27C7E807003AAACE /* Debug */ = {
			isa = XCBuildConfiguration;
			buildSettings = {
				ALWAYS_SEARCH_USER_PATHS = NO;
				CLANG_ANALYZER_NONNULL = YES;
				CLANG_ANALYZER_NUMBER_OBJECT_CONVERSION = YES_AGGRESSIVE;
				CLANG_CXX_LANGUAGE_STANDARD = "gnu++17";
				CLANG_CXX_LIBRARY = "libc++";
				CLANG_ENABLE_MODULES = YES;
				CLANG_ENABLE_OBJC_ARC = YES;
				CLANG_ENABLE_OBJC_WEAK = YES;
				CLANG_WARN_BLOCK_CAPTURE_AUTORELEASING = YES;
				CLANG_WARN_BOOL_CONVERSION = YES;
				CLANG_WARN_COMMA = YES;
				CLANG_WARN_CONSTANT_CONVERSION = YES;
				CLANG_WARN_DEPRECATED_OBJC_IMPLEMENTATIONS = YES;
				CLANG_WARN_DIRECT_OBJC_ISA_USAGE = YES_ERROR;
				CLANG_WARN_DOCUMENTATION_COMMENTS = YES;
				CLANG_WARN_EMPTY_BODY = YES;
				CLANG_WARN_ENUM_CONVERSION = YES;
				CLANG_WARN_INFINITE_RECURSION = YES;
				CLANG_WARN_INT_CONVERSION = YES;
				CLANG_WARN_NON_LITERAL_NULL_CONVERSION = YES;
				CLANG_WARN_OBJC_IMPLICIT_RETAIN_SELF = YES;
				CLANG_WARN_OBJC_LITERAL_CONVERSION = YES;
				CLANG_WARN_OBJC_ROOT_CLASS = YES_ERROR;
				CLANG_WARN_QUOTED_INCLUDE_IN_FRAMEWORK_HEADER = YES;
				CLANG_WARN_RANGE_LOOP_ANALYSIS = YES;
				CLANG_WARN_STRICT_PROTOTYPES = YES;
				CLANG_WARN_SUSPICIOUS_MOVE = YES;
				CLANG_WARN_UNGUARDED_AVAILABILITY = YES_AGGRESSIVE;
				CLANG_WARN_UNREACHABLE_CODE = YES;
				CLANG_WARN__DUPLICATE_METHOD_MATCH = YES;
				COPY_PHASE_STRIP = NO;
				DEBUG_INFORMATION_FORMAT = dwarf;
				ENABLE_STRICT_OBJC_MSGSEND = YES;
				ENABLE_TESTABILITY = YES;
				GCC_C_LANGUAGE_STANDARD = gnu11;
				GCC_DYNAMIC_NO_PIC = NO;
				GCC_NO_COMMON_BLOCKS = YES;
				GCC_OPTIMIZATION_LEVEL = 0;
				GCC_PREPROCESSOR_DEFINITIONS = (
					"DEBUG=1",
					"$(inherited)",
				);
				GCC_WARN_64_TO_32_BIT_CONVERSION = YES;
				GCC_WARN_ABOUT_RETURN_TYPE = YES_ERROR;
				GCC_WARN_UNDECLARED_SELECTOR = YES;
				GCC_WARN_UNINITIALIZED_AUTOS = YES_AGGRESSIVE;
				GCC_WARN_UNUSED_FUNCTION = YES;
				GCC_WARN_UNUSED_VARIABLE = YES;
				IPHONEOS_DEPLOYMENT_TARGET = 15.2;
				MTL_ENABLE_DEBUG_INFO = INCLUDE_SOURCE;
				MTL_FAST_MATH = YES;
				ONLY_ACTIVE_ARCH = YES;
				SDKROOT = iphoneos;
				SWIFT_ACTIVE_COMPILATION_CONDITIONS = DEBUG;
				SWIFT_OPTIMIZATION_LEVEL = "-Onone";
			};
			name = Debug;
		};
		FF1E1CEC27C7E807003AAACE /* Release */ = {
			isa = XCBuildConfiguration;
			buildSettings = {
				ALWAYS_SEARCH_USER_PATHS = NO;
				CLANG_ANALYZER_NONNULL = YES;
				CLANG_ANALYZER_NUMBER_OBJECT_CONVERSION = YES_AGGRESSIVE;
				CLANG_CXX_LANGUAGE_STANDARD = "gnu++17";
				CLANG_CXX_LIBRARY = "libc++";
				CLANG_ENABLE_MODULES = YES;
				CLANG_ENABLE_OBJC_ARC = YES;
				CLANG_ENABLE_OBJC_WEAK = YES;
				CLANG_WARN_BLOCK_CAPTURE_AUTORELEASING = YES;
				CLANG_WARN_BOOL_CONVERSION = YES;
				CLANG_WARN_COMMA = YES;
				CLANG_WARN_CONSTANT_CONVERSION = YES;
				CLANG_WARN_DEPRECATED_OBJC_IMPLEMENTATIONS = YES;
				CLANG_WARN_DIRECT_OBJC_ISA_USAGE = YES_ERROR;
				CLANG_WARN_DOCUMENTATION_COMMENTS = YES;
				CLANG_WARN_EMPTY_BODY = YES;
				CLANG_WARN_ENUM_CONVERSION = YES;
				CLANG_WARN_INFINITE_RECURSION = YES;
				CLANG_WARN_INT_CONVERSION = YES;
				CLANG_WARN_NON_LITERAL_NULL_CONVERSION = YES;
				CLANG_WARN_OBJC_IMPLICIT_RETAIN_SELF = YES;
				CLANG_WARN_OBJC_LITERAL_CONVERSION = YES;
				CLANG_WARN_OBJC_ROOT_CLASS = YES_ERROR;
				CLANG_WARN_QUOTED_INCLUDE_IN_FRAMEWORK_HEADER = YES;
				CLANG_WARN_RANGE_LOOP_ANALYSIS = YES;
				CLANG_WARN_STRICT_PROTOTYPES = YES;
				CLANG_WARN_SUSPICIOUS_MOVE = YES;
				CLANG_WARN_UNGUARDED_AVAILABILITY = YES_AGGRESSIVE;
				CLANG_WARN_UNREACHABLE_CODE = YES;
				CLANG_WARN__DUPLICATE_METHOD_MATCH = YES;
				COPY_PHASE_STRIP = NO;
				DEBUG_INFORMATION_FORMAT = "dwarf-with-dsym";
				ENABLE_NS_ASSERTIONS = NO;
				ENABLE_STRICT_OBJC_MSGSEND = YES;
				GCC_C_LANGUAGE_STANDARD = gnu11;
				GCC_NO_COMMON_BLOCKS = YES;
				GCC_WARN_64_TO_32_BIT_CONVERSION = YES;
				GCC_WARN_ABOUT_RETURN_TYPE = YES_ERROR;
				GCC_WARN_UNDECLARED_SELECTOR = YES;
				GCC_WARN_UNINITIALIZED_AUTOS = YES_AGGRESSIVE;
				GCC_WARN_UNUSED_FUNCTION = YES;
				GCC_WARN_UNUSED_VARIABLE = YES;
				IPHONEOS_DEPLOYMENT_TARGET = 15.2;
				MTL_ENABLE_DEBUG_INFO = NO;
				MTL_FAST_MATH = YES;
				SDKROOT = iphoneos;
				SWIFT_COMPILATION_MODE = wholemodule;
				SWIFT_OPTIMIZATION_LEVEL = "-O";
				VALIDATE_PRODUCT = YES;
			};
			name = Release;
		};
		FF1E1CEE27C7E807003AAACE /* Debug */ = {
			isa = XCBuildConfiguration;
			buildSettings = {
				ASSETCATALOG_COMPILER_APPICON_NAME = AppIcon;
				ASSETCATALOG_COMPILER_GLOBAL_ACCENT_COLOR_NAME = AccentColor;
				CODE_SIGN_STYLE = Automatic;
				CURRENT_PROJECT_VERSION = 1;
				DEVELOPMENT_TEAM = D2H83P2DRT;
				GENERATE_INFOPLIST_FILE = YES;
				INFOPLIST_FILE = MyInstagram/Info.plist;
				INFOPLIST_KEY_UIApplicationSupportsIndirectInputEvents = YES;
				INFOPLIST_KEY_UILaunchStoryboardName = LaunchScreen;
				INFOPLIST_KEY_UIMainStoryboardFile = Main;
				INFOPLIST_KEY_UISupportedInterfaceOrientations = "UIInterfaceOrientationPortrait UIInterfaceOrientationLandscapeLeft UIInterfaceOrientationLandscapeRight";
				INFOPLIST_KEY_UISupportedInterfaceOrientations_iPad = "UIInterfaceOrientationPortrait UIInterfaceOrientationPortraitUpsideDown UIInterfaceOrientationLandscapeLeft UIInterfaceOrientationLandscapeRight";
				INFOPLIST_KEY_UISupportedInterfaceOrientations_iPhone = "UIInterfaceOrientationPortrait UIInterfaceOrientationLandscapeLeft UIInterfaceOrientationLandscapeRight";
				LD_RUNPATH_SEARCH_PATHS = (
					"$(inherited)",
					"@executable_path/Frameworks",
				);
				MARKETING_VERSION = 1.0;
				PRODUCT_BUNDLE_IDENTIFIER = com.isthissid.MyInstagram;
				PRODUCT_NAME = "$(TARGET_NAME)";
				SWIFT_EMIT_LOC_STRINGS = YES;
				SWIFT_VERSION = 5.0;
				TARGETED_DEVICE_FAMILY = "1,2";
			};
			name = Debug;
		};
		FF1E1CEF27C7E807003AAACE /* Release */ = {
			isa = XCBuildConfiguration;
			buildSettings = {
				ASSETCATALOG_COMPILER_APPICON_NAME = AppIcon;
				ASSETCATALOG_COMPILER_GLOBAL_ACCENT_COLOR_NAME = AccentColor;
				CODE_SIGN_STYLE = Automatic;
				CURRENT_PROJECT_VERSION = 1;
				DEVELOPMENT_TEAM = D2H83P2DRT;
				GENERATE_INFOPLIST_FILE = YES;
				INFOPLIST_FILE = MyInstagram/Info.plist;
				INFOPLIST_KEY_UIApplicationSupportsIndirectInputEvents = YES;
				INFOPLIST_KEY_UILaunchStoryboardName = LaunchScreen;
				INFOPLIST_KEY_UIMainStoryboardFile = Main;
				INFOPLIST_KEY_UISupportedInterfaceOrientations = "UIInterfaceOrientationPortrait UIInterfaceOrientationLandscapeLeft UIInterfaceOrientationLandscapeRight";
				INFOPLIST_KEY_UISupportedInterfaceOrientations_iPad = "UIInterfaceOrientationPortrait UIInterfaceOrientationPortraitUpsideDown UIInterfaceOrientationLandscapeLeft UIInterfaceOrientationLandscapeRight";
				INFOPLIST_KEY_UISupportedInterfaceOrientations_iPhone = "UIInterfaceOrientationPortrait UIInterfaceOrientationLandscapeLeft UIInterfaceOrientationLandscapeRight";
				LD_RUNPATH_SEARCH_PATHS = (
					"$(inherited)",
					"@executable_path/Frameworks",
				);
				MARKETING_VERSION = 1.0;
				PRODUCT_BUNDLE_IDENTIFIER = com.isthissid.MyInstagram;
				PRODUCT_NAME = "$(TARGET_NAME)";
				SWIFT_EMIT_LOC_STRINGS = YES;
				SWIFT_VERSION = 5.0;
				TARGETED_DEVICE_FAMILY = "1,2";
			};
			name = Release;
		};
/* End XCBuildConfiguration section */

/* Begin XCConfigurationList section */
		FF1E1CD427C7E805003AAACE /* Build configuration list for PBXProject "MyInstagram" */ = {
			isa = XCConfigurationList;
			buildConfigurations = (
				FF1E1CEB27C7E807003AAACE /* Debug */,
				FF1E1CEC27C7E807003AAACE /* Release */,
			);
			defaultConfigurationIsVisible = 0;
			defaultConfigurationName = Release;
		};
		FF1E1CED27C7E807003AAACE /* Build configuration list for PBXNativeTarget "MyInstagram" */ = {
			isa = XCConfigurationList;
			buildConfigurations = (
				FF1E1CEE27C7E807003AAACE /* Debug */,
				FF1E1CEF27C7E807003AAACE /* Release */,
			);
			defaultConfigurationIsVisible = 0;
			defaultConfigurationName = Release;
		};
/* End XCConfigurationList section */
	};
	rootObject = FF1E1CD127C7E805003AAACE /* Project object */;
}
